// !$*UTF8*$!
{
	archiveVersion = 1;
	classes = {
	};
	objectVersion = 46;
	objects = {

/* Begin PBXFileReference section */
		8FFE442B1E5C6EA8003F141E /* MotionDetector.h */ = {isa = PBXFileReference; lastKnownFileType = sourcecode.c.h; path = MotionDetector.h; sourceTree = "<group>"; };
		8FFE442C1E5C6EA8003F141E /* MotionDetector.m */ = {isa = PBXFileReference; lastKnownFileType = sourcecode.c.objc; path = MotionDetector.m; sourceTree = "<group>"; };
/* End PBXFileReference section */

/* Begin PBXGroup section */
		8FFE44241E5C6E08003F141E = {
			isa = PBXGroup;
			children = (
				8FFE442B1E5C6EA8003F141E /* MotionDetector.h */,
				8FFE442C1E5C6EA8003F141E /* MotionDetector.m */,
			);
			sourceTree = "<group>";
		};
/* End PBXGroup section */

/* Begin PBXProject section */
		8FFE44251E5C6E08003F141E /* Project object */ = {
			isa = PBXProject;
			attributes = {
				LastUpgradeCheck = 0820;
			};
			buildConfigurationList = 8FFE44281E5C6E08003F141E /* Build configuration list for PBXProject "RNMotionDetector" */;
			compatibilityVersion = "Xcode 3.2";
			developmentRegion = English;
			hasScannedForEncodings = 0;
			knownRegions = (
				en,
			);
			mainGroup = 8FFE44241E5C6E08003F141E;
			projectDirPath = "";
			projectRoot = "";
			targets = (
			);
		};
/* End PBXProject section */

/* Begin XCBuildConfiguration section */
		8FFE44291E5C6E08003F141E /* Debug */ = {
			isa = XCBuildConfiguration;
			buildSettings = {
			};
			name = Debug;
		};
		8FFE442A1E5C6E08003F141E /* Release */ = {
			isa = XCBuildConfiguration;
			buildSettings = {
			};
			name = Release;
		};
/* End XCBuildConfiguration section */

/* Begin XCConfigurationList section */
		8FFE44281E5C6E08003F141E /* Build configuration list for PBXProject "RNMotionDetector" */ = {
			isa = XCConfigurationList;
			buildConfigurations = (
				8FFE44291E5C6E08003F141E /* Debug */,
				8FFE442A1E5C6E08003F141E /* Release */,
			);
			defaultConfigurationIsVisible = 0;
			defaultConfigurationName = Release;
		};
/* End XCConfigurationList section */
	};
	rootObject = 8FFE44251E5C6E08003F141E /* Project object */;
}
